// !$*UTF8*$!
{
	archiveVersion = 1;
	classes = {
	};
	objectVersion = 46;
	objects = {

/* Begin PBXBuildFile section */
		3364CFD31D8F0D0E00094F86 /* AppDelegate.swift in Sources */ = {isa = PBXBuildFile; fileRef = 3364CFD21D8F0D0E00094F86 /* AppDelegate.swift */; };
		3364CFD51D8F0D0E00094F86 /* ViewController.swift in Sources */ = {isa = PBXBuildFile; fileRef = 3364CFD41D8F0D0E00094F86 /* ViewController.swift */; };
		3364CFD81D8F0D0E00094F86 /* Main.storyboard in Resources */ = {isa = PBXBuildFile; fileRef = 3364CFD61D8F0D0E00094F86 /* Main.storyboard */; };
		3364CFDB1D8F0D0E00094F86 /* uitableview_load_data_from_json_swift_3.xcdatamodeld in Sources */ = {isa = PBXBuildFile; fileRef = 3364CFD91D8F0D0E00094F86 /* uitableview_load_data_from_json_swift_3.xcdatamodeld */; };
		3364CFDD1D8F0D0E00094F86 /* Assets.xcassets in Resources */ = {isa = PBXBuildFile; fileRef = 3364CFDC1D8F0D0E00094F86 /* Assets.xcassets */; };
		3364CFE01D8F0D0E00094F86 /* LaunchScreen.storyboard in Resources */ = {isa = PBXBuildFile; fileRef = 3364CFDE1D8F0D0E00094F86 /* LaunchScreen.storyboard */; };
		3364CFE81D8F0D6D00094F86 /* TableController.swift in Sources */ = {isa = PBXBuildFile; fileRef = 3364CFE71D8F0D6D00094F86 /* TableController.swift */; };
		C5FC46B520574DDD00C59232 /* SportTableViewCell.swift in Sources */ = {isa = PBXBuildFile; fileRef = C5FC46B420574DDD00C59232 /* SportTableViewCell.swift */; };
/* End PBXBuildFile section */

/* Begin PBXFileReference section */
		3364CFCF1D8F0D0E00094F86 /* uitableview_load_data_from_json_swift_3.app */ = {isa = PBXFileReference; explicitFileType = wrapper.application; includeInIndex = 0; path = uitableview_load_data_from_json_swift_3.app; sourceTree = BUILT_PRODUCTS_DIR; };
		3364CFD21D8F0D0E00094F86 /* AppDelegate.swift */ = {isa = PBXFileReference; lastKnownFileType = sourcecode.swift; path = AppDelegate.swift; sourceTree = "<group>"; };
		3364CFD41D8F0D0E00094F86 /* ViewController.swift */ = {isa = PBXFileReference; lastKnownFileType = sourcecode.swift; path = ViewController.swift; sourceTree = "<group>"; };
		3364CFD71D8F0D0E00094F86 /* Base */ = {isa = PBXFileReference; lastKnownFileType = file.storyboard; name = Base; path = Base.lproj/Main.storyboard; sourceTree = "<group>"; };
		3364CFDA1D8F0D0E00094F86 /* uitableview_load_data_from_json_swift_3.xcdatamodel */ = {isa = PBXFileReference; lastKnownFileType = wrapper.xcdatamodel; path = uitableview_load_data_from_json_swift_3.xcdatamodel; sourceTree = "<group>"; };
		3364CFDC1D8F0D0E00094F86 /* Assets.xcassets */ = {isa = PBXFileReference; lastKnownFileType = folder.assetcatalog; path = Assets.xcassets; sourceTree = "<group>"; };
		3364CFDF1D8F0D0E00094F86 /* Base */ = {isa = PBXFileReference; lastKnownFileType = file.storyboard; name = Base; path = Base.lproj/LaunchScreen.storyboard; sourceTree = "<group>"; };
		3364CFE11D8F0D0E00094F86 /* Info.plist */ = {isa = PBXFileReference; lastKnownFileType = text.plist.xml; path = Info.plist; sourceTree = "<group>"; };
		3364CFE71D8F0D6D00094F86 /* TableController.swift */ = {isa = PBXFileReference; fileEncoding = 4; lastKnownFileType = sourcecode.swift; path = TableController.swift; sourceTree = "<group>"; };
		C5FC46B420574DDD00C59232 /* SportTableViewCell.swift */ = {isa = PBXFileReference; lastKnownFileType = sourcecode.swift; path = SportTableViewCell.swift; sourceTree = "<group>"; };
/* End PBXFileReference section */

/* Begin PBXFrameworksBuildPhase section */
		3364CFCC1D8F0D0E00094F86 /* Frameworks */ = {
			isa = PBXFrameworksBuildPhase;
			buildActionMask = 2147483647;
			files = (
			);
			runOnlyForDeploymentPostprocessing = 0;
		};
/* End PBXFrameworksBuildPhase section */

/* Begin PBXGroup section */
		3364CFC61D8F0D0E00094F86 = {
			isa = PBXGroup;
			children = (
				3364CFD11D8F0D0E00094F86 /* uitableview_load_data_from_json_swift_3 */,
				3364CFD01D8F0D0E00094F86 /* Products */,
			);
			sourceTree = "<group>";
		};
		3364CFD01D8F0D0E00094F86 /* Products */ = {
			isa = PBXGroup;
			children = (
				3364CFCF1D8F0D0E00094F86 /* uitableview_load_data_from_json_swift_3.app */,
			);
			name = Products;
			sourceTree = "<group>";
		};
		3364CFD11D8F0D0E00094F86 /* uitableview_load_data_from_json_swift_3 */ = {
			isa = PBXGroup;
			children = (
				3364CFD21D8F0D0E00094F86 /* AppDelegate.swift */,
				3364CFD41D8F0D0E00094F86 /* ViewController.swift */,
				3364CFE71D8F0D6D00094F86 /* TableController.swift */,
				3364CFD61D8F0D0E00094F86 /* Main.storyboard */,
				C5FC46B420574DDD00C59232 /* SportTableViewCell.swift */,
				3364CFDC1D8F0D0E00094F86 /* Assets.xcassets */,
				3364CFDE1D8F0D0E00094F86 /* LaunchScreen.storyboard */,
				3364CFE11D8F0D0E00094F86 /* Info.plist */,
				3364CFD91D8F0D0E00094F86 /* uitableview_load_data_from_json_swift_3.xcdatamodeld */,
			);
			path = uitableview_load_data_from_json_swift_3;
			sourceTree = "<group>";
		};
/* End PBXGroup section */

/* Begin PBXNativeTarget section */
		3364CFCE1D8F0D0E00094F86 /* uitableview_load_data_from_json_swift_3 */ = {
			isa = PBXNativeTarget;
			buildConfigurationList = 3364CFE41D8F0D0E00094F86 /* Build configuration list for PBXNativeTarget "uitableview_load_data_from_json_swift_3" */;
			buildPhases = (
				3364CFCB1D8F0D0E00094F86 /* Sources */,
				3364CFCC1D8F0D0E00094F86 /* Frameworks */,
				3364CFCD1D8F0D0E00094F86 /* Resources */,
			);
			buildRules = (
			);
			dependencies = (
			);
			name = uitableview_load_data_from_json_swift_3;
			productName = uitableview_load_data_from_json_swift_3;
			productReference = 3364CFCF1D8F0D0E00094F86 /* uitableview_load_data_from_json_swift_3.app */;
			productType = "com.apple.product-type.application";
		};
/* End PBXNativeTarget section */

/* Begin PBXProject section */
		3364CFC71D8F0D0E00094F86 /* Project object */ = {
			isa = PBXProject;
			attributes = {
				LastSwiftUpdateCheck = 0800;
				LastUpgradeCheck = 0800;
				ORGANIZATIONNAME = kaleidosstudio;
				TargetAttributes = {
					3364CFCE1D8F0D0E00094F86 = {
						CreatedOnToolsVersion = 8.0;
						DevelopmentTeam = NM36NPKED8;
						ProvisioningStyle = Automatic;
					};
				};
			};
			buildConfigurationList = 3364CFCA1D8F0D0E00094F86 /* Build configuration list for PBXProject "uitableview_load_data_from_json_swift_3" */;
			compatibilityVersion = "Xcode 3.2";
			developmentRegion = English;
			hasScannedForEncodings = 0;
			knownRegions = (
				en,
				Base,
			);
			mainGroup = 3364CFC61D8F0D0E00094F86;
			productRefGroup = 3364CFD01D8F0D0E00094F86 /* Products */;
			projectDirPath = "";
			projectRoot = "";
			targets = (
				3364CFCE1D8F0D0E00094F86 /* uitableview_load_data_from_json_swift_3 */,
			);
		};
/* End PBXProject section */

/* Begin PBXResourcesBuildPhase section */
		3364CFCD1D8F0D0E00094F86 /* Resources */ = {
			isa = PBXResourcesBuildPhase;
			buildActionMask = 2147483647;
			files = (
				3364CFE01D8F0D0E00094F86 /* LaunchScreen.storyboard in Resources */,
				3364CFDD1D8F0D0E00094F86 /* Assets.xcassets in Resources */,
				3364CFD81D8F0D0E00094F86 /* Main.storyboard in Resources */,
			);
			runOnlyForDeploymentPostprocessing = 0;
		};
/* End PBXResourcesBuildPhase section */

/* Begin PBXSourcesBuildPhase section */
		3364CFCB1D8F0D0E00094F86 /* Sources */ = {
			isa = PBXSourcesBuildPhase;
			buildActionMask = 2147483647;
			files = (
				3364CFE81D8F0D6D00094F86 /* TableController.swift in Sources */,
				3364CFD51D8F0D0E00094F86 /* ViewController.swift in Sources */,
				3364CFDB1D8F0D0E00094F86 /* uitableview_load_data_from_json_swift_3.xcdatamodeld in Sources */,
				3364CFD31D8F0D0E00094F86 /* AppDelegate.swift in Sources */,
				C5FC46B520574DDD00C59232 /* SportTableViewCell.swift in Sources */,
			);
			runOnlyForDeploymentPostprocessing = 0;
		};
/* End PBXSourcesBuildPhase section */

/* Begin PBXVariantGroup section */
		3364CFD61D8F0D0E00094F86 /* Main.storyboard */ = {
			isa = PBXVariantGroup;
			children = (
				3364CFD71D8F0D0E00094F86 /* Base */,
			);
			name = Main.storyboard;
			sourceTree = "<group>";
		};
		3364CFDE1D8F0D0E00094F86 /* LaunchScreen.storyboard */ = {
			isa = PBXVariantGroup;
			children = (
				3364CFDF1D8F0D0E00094F86 /* Base */,
			);
			name = LaunchScreen.storyboard;
			sourceTree = "<group>";
		};
/* End PBXVariantGroup section */

/* Begin XCBuildConfiguration section */
		3364CFE21D8F0D0E00094F86 /* Debug */ = {
			isa = XCBuildConfiguration;
			buildSettings = {
				ALWAYS_SEARCH_USER_PATHS = NO;
				CLANG_ANALYZER_NONNULL = YES;
				CLANG_CXX_LANGUAGE_STANDARD = "gnu++0x";
				CLANG_CXX_LIBRARY = "libc++";
				CLANG_ENABLE_MODULES = YES;
				CLANG_ENABLE_OBJC_ARC = YES;
				CLANG_WARN_BOOL_CONVERSION = YES;
				CLANG_WARN_CONSTANT_CONVERSION = YES;
				CLANG_WARN_DIRECT_OBJC_ISA_USAGE = YES_ERROR;
				CLANG_WARN_DOCUMENTATION_COMMENTS = YES;
				CLANG_WARN_EMPTY_BODY = YES;
				CLANG_WARN_ENUM_CONVERSION = YES;
				CLANG_WARN_INFINITE_RECURSION = YES;
				CLANG_WARN_INT_CONVERSION = YES;
				CLANG_WARN_OBJC_ROOT_CLASS = YES_ERROR;
				CLANG_WARN_SUSPICIOUS_MOVES = YES;
				CLANG_WARN_UNREACHABLE_CODE = YES;
				CLANG_WARN__DUPLICATE_METHOD_MATCH = YES;
				"CODE_SIGN_IDENTITY[sdk=iphoneos*]" = "iPhone Developer";
				COPY_PHASE_STRIP = NO;
				DEBUG_INFORMATION_FORMAT = dwarf;
				ENABLE_STRICT_OBJC_MSGSEND = YES;
				ENABLE_TESTABILITY = YES;
				GCC_C_LANGUAGE_STANDARD = gnu99;
				GCC_DYNAMIC_NO_PIC = NO;
				GCC_NO_COMMON_BLOCKS = YES;
				GCC_OPTIMIZATION_LEVEL = 0;
				GCC_PREPROCESSOR_DEFINITIONS = (
					"DEBUG=1",
					"$(inherited)",
				);
				GCC_WARN_64_TO_32_BIT_CONVERSION = YES;
				GCC_WARN_ABOUT_RETURN_TYPE = YES_ERROR;
				GCC_WARN_UNDECLARED_SELECTOR = YES;
				GCC_WARN_UNINITIALIZED_AUTOS = YES_AGGRESSIVE;
				GCC_WARN_UNUSED_FUNCTION = YES;
				GCC_WARN_UNUSED_VARIABLE = YES;
				IPHONEOS_DEPLOYMENT_TARGET = 10.0;
				MTL_ENABLE_DEBUG_INFO = YES;
				ONLY_ACTIVE_ARCH = YES;
				SDKROOT = iphoneos;
				SWIFT_ACTIVE_COMPILATION_CONDITIONS = DEBUG;
				SWIFT_OPTIMIZATION_LEVEL = "-Onone";
				TARGETED_DEVICE_FAMILY = "1,2";
			};
			name = Debug;
		};
		3364CFE31D8F0D0E00094F86 /* Release */ = {
			isa = XCBuildConfiguration;
			buildSettings = {
				ALWAYS_SEARCH_USER_PATHS = NO;
				CLANG_ANALYZER_NONNULL = YES;
				CLANG_CXX_LANGUAGE_STANDARD = "gnu++0x";
				CLANG_CXX_LIBRARY = "libc++";
				CLANG_ENABLE_MODULES = YES;
				CLANG_ENABLE_OBJC_ARC = YES;
				CLANG_WARN_BOOL_CONVERSION = YES;
				CLANG_WARN_CONSTANT_CONVERSION = YES;
				CLANG_WARN_DIRECT_OBJC_ISA_USAGE = YES_ERROR;
				CLANG_WARN_DOCUMENTATION_COMMENTS = YES;
				CLANG_WARN_EMPTY_BODY = YES;
				CLANG_WARN_ENUM_CONVERSION = YES;
				CLANG_WARN_INFINITE_RECURSION = YES;
				CLANG_WARN_INT_CONVERSION = YES;
				CLANG_WARN_OBJC_ROOT_CLASS = YES_ERROR;
				CLANG_WARN_SUSPICIOUS_MOVES = YES;
				CLANG_WARN_UNREACHABLE_CODE = YES;
				CLANG_WARN__DUPLICATE_METHOD_MATCH = YES;
				"CODE_SIGN_IDENTITY[sdk=iphoneos*]" = "iPhone Developer";
				COPY_PHASE_STRIP = NO;
				DEBUG_INFORMATION_FORMAT = "dwarf-with-dsym";
				ENABLE_NS_ASSERTIONS = NO;
				ENABLE_STRICT_OBJC_MSGSEND = YES;
				GCC_C_LANGUAGE_STANDARD = gnu99;
				GCC_NO_COMMON_BLOCKS = YES;
				GCC_WARN_64_TO_32_BIT_CONVERSION = YES;
				GCC_WARN_ABOUT_RETURN_TYPE = YES_ERROR;
				GCC_WARN_UNDECLARED_SELECTOR = YES;
				GCC_WARN_UNINITIALIZED_AUTOS = YES_AGGRESSIVE;
				GCC_WARN_UNUSED_FUNCTION = YES;
				GCC_WARN_UNUSED_VARIABLE = YES;
				IPHONEOS_DEPLOYMENT_TARGET = 10.0;
				MTL_ENABLE_DEBUG_INFO = NO;
				SDKROOT = iphoneos;
				SWIFT_OPTIMIZATION_LEVEL = "-Owholemodule";
				TARGETED_DEVICE_FAMILY = "1,2";
				VALIDATE_PRODUCT = YES;
			};
			name = Release;
		};
		3364CFE51D8F0D0E00094F86 /* Debug */ = {
			isa = XCBuildConfiguration;
			buildSettings = {
				ASSETCATALOG_COMPILER_APPICON_NAME = AppIcon;
				DEVELOPMENT_TEAM = NM36NPKED8;
				INFOPLIST_FILE = uitableview_load_data_from_json_swift_3/Info.plist;
				IPHONEOS_DEPLOYMENT_TARGET = 8.1;
				LD_RUNPATH_SEARCH_PATHS = "$(inherited) @executable_path/Frameworks";
				PRODUCT_BUNDLE_IDENTIFIER = "keleidosstudio.uitableview-load-data-from-json-swift-3";
				PRODUCT_NAME = "$(TARGET_NAME)";
				SWIFT_VERSION = 3.0;
			};
			name = Debug;
		};
		3364CFE61D8F0D0E00094F86 /* Release */ = {
			isa = XCBuildConfiguration;
			buildSettings = {
				ASSETCATALOG_COMPILER_APPICON_NAME = AppIcon;
				DEVELOPMENT_TEAM = NM36NPKED8;
				INFOPLIST_FILE = uitableview_load_data_from_json_swift_3/Info.plist;
				IPHONEOS_DEPLOYMENT_TARGET = 8.1;
				LD_RUNPATH_SEARCH_PATHS = "$(inherited) @executable_path/Frameworks";
				PRODUCT_BUNDLE_IDENTIFIER = "keleidosstudio.uitableview-load-data-from-json-swift-3";
				PRODUCT_NAME = "$(TARGET_NAME)";
				SWIFT_VERSION = 3.0;
			};
			name = Release;
		};
/* End XCBuildConfiguration section */

/* Begin XCConfigurationList section */
		3364CFCA1D8F0D0E00094F86 /* Build configuration list for PBXProject "uitableview_load_data_from_json_swift_3" */ = {
			isa = XCConfigurationList;
			buildConfigurations = (
				3364CFE21D8F0D0E00094F86 /* Debug */,
				3364CFE31D8F0D0E00094F86 /* Release */,
			);
			defaultConfigurationIsVisible = 0;
			defaultConfigurationName = Release;
		};
		3364CFE41D8F0D0E00094F86 /* Build configuration list for PBXNativeTarget "uitableview_load_data_from_json_swift_3" */ = {
			isa = XCConfigurationList;
			buildConfigurations = (
				3364CFE51D8F0D0E00094F86 /* Debug */,
				3364CFE61D8F0D0E00094F86 /* Release */,
			);
			defaultConfigurationIsVisible = 0;
			defaultConfigurationName = Release;
		};
/* End XCConfigurationList section */

/* Begin XCVersionGroup section */
		3364CFD91D8F0D0E00094F86 /* uitableview_load_data_from_json_swift_3.xcdatamodeld */ = {
			isa = XCVersionGroup;
			children = (
				3364CFDA1D8F0D0E00094F86 /* uitableview_load_data_from_json_swift_3.xcdatamodel */,
			);
			currentVersion = 3364CFDA1D8F0D0E00094F86 /* uitableview_load_data_from_json_swift_3.xcdatamodel */;
			path = uitableview_load_data_from_json_swift_3.xcdatamodeld;
			sourceTree = "<group>";
			versionGroupType = wrapper.xcdatamodel;
		};
/* End XCVersionGroup section */
	};
	rootObject = 3364CFC71D8F0D0E00094F86 /* Project object */;
}
